
Microsoft Visual Studio Solution File, Format Version 12.00
# Visual Studio 15
VisualStudioVersion = 15.0.26730.16
MinimumVisualStudioVersion = 10.0.40219.1
Project("{FAE04EC0-301F-11D3-BF4B-00C04F79EFBC}") = "Pong", "Pong\Pong.csproj", "{89591242-609D-4929-9E3F-B043D8D415FD}"
EndProject
Global
	GlobalSection(SolutionConfigurationPlatforms) = preSolution
		Debug|x86 = Debug|x86
		Release|x86 = Release|x86
	EndGlobalSection
	GlobalSection(ProjectConfigurationPlatforms) = postSolution
		{89591242-609D-4929-9E3F-B043D8D415FD}.Debug|x86.ActiveCfg = Debug|x86
		{89591242-609D-4929-9E3F-B043D8D415FD}.Debug|x86.Build.0 = Debug|x86
		{89591242-609D-4929-9E3F-B043D8D415FD}.Release|x86.ActiveCfg = Release|x86
		{89591242-609D-4929-9E3F-B043D8D415FD}.Release|x86.Build.0 = Release|x86
	EndGlobalSection
	GlobalSection(SolutionProperties) = preSolution
		HideSolutionNode = FALSE
	EndGlobalSection
	GlobalSection(ExtensibilityGlobals) = postSolution
		SolutionGuid = {B5669506-115F-45B4-A685-84E92BA2A6B5}
	EndGlobalSection
EndGlobal
